// !$*UTF8*$!
{
	archiveVersion = 1;
	classes = {
	};
	objectVersion = 56;
	objects = {

/* Begin PBXBuildFile section */
		4F71B0212A2B79F20031B617 /* API_ProjectApp.swift in Sources */ = {isa = PBXBuildFile; fileRef = 4F71B0202A2B79F20031B617 /* API_ProjectApp.swift */; };
		4F71B0252A2B79F40031B617 /* Assets.xcassets in Resources */ = {isa = PBXBuildFile; fileRef = 4F71B0242A2B79F40031B617 /* Assets.xcassets */; };
		4F71B0282A2B79F40031B617 /* Preview Assets.xcassets in Resources */ = {isa = PBXBuildFile; fileRef = 4F71B0272A2B79F40031B617 /* Preview Assets.xcassets */; };
		4F71B0322A2B7B590031B617 /* CategoryListScreen.swift in Sources */ = {isa = PBXBuildFile; fileRef = 4F71B0312A2B7B590031B617 /* CategoryListScreen.swift */; };
		4F71B0342A2B7BA10031B617 /* ProductCellView.swift in Sources */ = {isa = PBXBuildFile; fileRef = 4F71B0332A2B7BA10031B617 /* ProductCellView.swift */; };
		4F71B0362A2B7C360031B617 /* ProductListScreen.swift in Sources */ = {isa = PBXBuildFile; fileRef = 4F71B0352A2B7C360031B617 /* ProductListScreen.swift */; };
		4F71B0382A2B7CA20031B617 /* AddProductScreen.swift in Sources */ = {isa = PBXBuildFile; fileRef = 4F71B0372A2B7CA20031B617 /* AddProductScreen.swift */; };
		4F71B03A2A2B7CD10031B617 /* ProductDetailScreen.swift in Sources */ = {isa = PBXBuildFile; fileRef = 4F71B0392A2B7CD00031B617 /* ProductDetailScreen.swift */; };
		4F71B03C2A2B7D390031B617 /* Category.swift in Sources */ = {isa = PBXBuildFile; fileRef = 4F71B03B2A2B7D390031B617 /* Category.swift */; };
		4F71B03E2A2B7D530031B617 /* Product.swift in Sources */ = {isa = PBXBuildFile; fileRef = 4F71B03D2A2B7D530031B617 /* Product.swift */; };
		4F71B0402A2B7D6F0031B617 /* CreateProductRequest.swift in Sources */ = {isa = PBXBuildFile; fileRef = 4F71B03F2A2B7D6F0031B617 /* CreateProductRequest.swift */; };
		4F71B0422A2B7DB90031B617 /* StoreViewModel.swift in Sources */ = {isa = PBXBuildFile; fileRef = 4F71B0412A2B7DB90031B617 /* StoreViewModel.swift */; };
		4F71B0442A2B7DD90031B617 /* StoreHTTPClient.swift in Sources */ = {isa = PBXBuildFile; fileRef = 4F71B0432A2B7DD90031B617 /* StoreHTTPClient.swift */; };
		4F71B0462A2B7E3C0031B617 /* ProductViewModel.swift in Sources */ = {isa = PBXBuildFile; fileRef = 4F71B0452A2B7E3C0031B617 /* ProductViewModel.swift */; };
		4F71B0482A2B80580031B617 /* Url.swift in Sources */ = {isa = PBXBuildFile; fileRef = 4F71B0472A2B80580031B617 /* Url.swift */; };
		4F71B04A2A2B80DB0031B617 /* Locale.swift in Sources */ = {isa = PBXBuildFile; fileRef = 4F71B0492A2B80DB0031B617 /* Locale.swift */; };
/* End PBXBuildFile section */

/* Begin PBXFileReference section */
		4F71B01D2A2B79F20031B617 /* API-Project.app */ = {isa = PBXFileReference; explicitFileType = wrapper.application; includeInIndex = 0; path = "API-Project.app"; sourceTree = BUILT_PRODUCTS_DIR; };
		4F71B0202A2B79F20031B617 /* API_ProjectApp.swift */ = {isa = PBXFileReference; lastKnownFileType = sourcecode.swift; path = API_ProjectApp.swift; sourceTree = "<group>"; };
		4F71B0242A2B79F40031B617 /* Assets.xcassets */ = {isa = PBXFileReference; lastKnownFileType = folder.assetcatalog; path = Assets.xcassets; sourceTree = "<group>"; };
		4F71B0272A2B79F40031B617 /* Preview Assets.xcassets */ = {isa = PBXFileReference; lastKnownFileType = folder.assetcatalog; path = "Preview Assets.xcassets"; sourceTree = "<group>"; };
		4F71B0312A2B7B590031B617 /* CategoryListScreen.swift */ = {isa = PBXFileReference; lastKnownFileType = sourcecode.swift; path = CategoryListScreen.swift; sourceTree = "<group>"; };
		4F71B0332A2B7BA10031B617 /* ProductCellView.swift */ = {isa = PBXFileReference; lastKnownFileType = sourcecode.swift; path = ProductCellView.swift; sourceTree = "<group>"; };
		4F71B0352A2B7C360031B617 /* ProductListScreen.swift */ = {isa = PBXFileReference; lastKnownFileType = sourcecode.swift; path = ProductListScreen.swift; sourceTree = "<group>"; };
		4F71B0372A2B7CA20031B617 /* AddProductScreen.swift */ = {isa = PBXFileReference; lastKnownFileType = sourcecode.swift; path = AddProductScreen.swift; sourceTree = "<group>"; };
		4F71B0392A2B7CD00031B617 /* ProductDetailScreen.swift */ = {isa = PBXFileReference; lastKnownFileType = sourcecode.swift; path = ProductDetailScreen.swift; sourceTree = "<group>"; };
		4F71B03B2A2B7D390031B617 /* Category.swift */ = {isa = PBXFileReference; lastKnownFileType = sourcecode.swift; path = Category.swift; sourceTree = "<group>"; };
		4F71B03D2A2B7D530031B617 /* Product.swift */ = {isa = PBXFileReference; lastKnownFileType = sourcecode.swift; path = Product.swift; sourceTree = "<group>"; };
		4F71B03F2A2B7D6F0031B617 /* CreateProductRequest.swift */ = {isa = PBXFileReference; lastKnownFileType = sourcecode.swift; path = CreateProductRequest.swift; sourceTree = "<group>"; };
		4F71B0412A2B7DB90031B617 /* StoreViewModel.swift */ = {isa = PBXFileReference; lastKnownFileType = sourcecode.swift; path = StoreViewModel.swift; sourceTree = "<group>"; };
		4F71B0432A2B7DD90031B617 /* StoreHTTPClient.swift */ = {isa = PBXFileReference; lastKnownFileType = sourcecode.swift; path = StoreHTTPClient.swift; sourceTree = "<group>"; };
		4F71B0452A2B7E3C0031B617 /* ProductViewModel.swift */ = {isa = PBXFileReference; lastKnownFileType = sourcecode.swift; path = ProductViewModel.swift; sourceTree = "<group>"; };
		4F71B0472A2B80580031B617 /* Url.swift */ = {isa = PBXFileReference; lastKnownFileType = sourcecode.swift; path = Url.swift; sourceTree = "<group>"; };
		4F71B0492A2B80DB0031B617 /* Locale.swift */ = {isa = PBXFileReference; lastKnownFileType = sourcecode.swift; path = Locale.swift; sourceTree = "<group>"; };
/* End PBXFileReference section */

/* Begin PBXFrameworksBuildPhase section */
		4F71B01A2A2B79F20031B617 /* Frameworks */ = {
			isa = PBXFrameworksBuildPhase;
			buildActionMask = 2147483647;
			files = (
			);
			runOnlyForDeploymentPostprocessing = 0;
		};
/* End PBXFrameworksBuildPhase section */

/* Begin PBXGroup section */
		4F71B0142A2B79F20031B617 = {
			isa = PBXGroup;
			children = (
				4F71B01F2A2B79F20031B617 /* API-Project */,
				4F71B01E2A2B79F20031B617 /* Products */,
			);
			sourceTree = "<group>";
		};
		4F71B01E2A2B79F20031B617 /* Products */ = {
			isa = PBXGroup;
			children = (
				4F71B01D2A2B79F20031B617 /* API-Project.app */,
			);
			name = Products;
			sourceTree = "<group>";
		};
		4F71B01F2A2B79F20031B617 /* API-Project */ = {
			isa = PBXGroup;
			children = (
				4F71B0302A2B7A350031B617 /* ViewModel */,
				4F71B02F2A2B7A2D0031B617 /* Model */,
				4F71B02E2A2B7A210031B617 /* View */,
				4F71B0202A2B79F20031B617 /* API_ProjectApp.swift */,
				4F71B0242A2B79F40031B617 /* Assets.xcassets */,
				4F71B0262A2B79F40031B617 /* Preview Content */,
				4F71B0472A2B80580031B617 /* Url.swift */,
				4F71B0492A2B80DB0031B617 /* Locale.swift */,
			);
			path = "API-Project";
			sourceTree = "<group>";
		};
		4F71B0262A2B79F40031B617 /* Preview Content */ = {
			isa = PBXGroup;
			children = (
				4F71B0272A2B79F40031B617 /* Preview Assets.xcassets */,
			);
			path = "Preview Content";
			sourceTree = "<group>";
		};
		4F71B02E2A2B7A210031B617 /* View */ = {
			isa = PBXGroup;
			children = (
				4F71B0312A2B7B590031B617 /* CategoryListScreen.swift */,
				4F71B0332A2B7BA10031B617 /* ProductCellView.swift */,
				4F71B0352A2B7C360031B617 /* ProductListScreen.swift */,
				4F71B0372A2B7CA20031B617 /* AddProductScreen.swift */,
				4F71B0392A2B7CD00031B617 /* ProductDetailScreen.swift */,
			);
			path = View;
			sourceTree = "<group>";
		};
		4F71B02F2A2B7A2D0031B617 /* Model */ = {
			isa = PBXGroup;
			children = (
				4F71B03B2A2B7D390031B617 /* Category.swift */,
				4F71B03D2A2B7D530031B617 /* Product.swift */,
				4F71B03F2A2B7D6F0031B617 /* CreateProductRequest.swift */,
			);
			path = Model;
			sourceTree = "<group>";
		};
		4F71B0302A2B7A350031B617 /* ViewModel */ = {
			isa = PBXGroup;
			children = (
				4F71B0412A2B7DB90031B617 /* StoreViewModel.swift */,
				4F71B0432A2B7DD90031B617 /* StoreHTTPClient.swift */,
				4F71B0452A2B7E3C0031B617 /* ProductViewModel.swift */,
			);
			path = ViewModel;
			sourceTree = "<group>";
		};
/* End PBXGroup section */

/* Begin PBXNativeTarget section */
		4F71B01C2A2B79F20031B617 /* API-Project */ = {
			isa = PBXNativeTarget;
			buildConfigurationList = 4F71B02B2A2B79F40031B617 /* Build configuration list for PBXNativeTarget "API-Project" */;
			buildPhases = (
				4F71B0192A2B79F20031B617 /* Sources */,
				4F71B01A2A2B79F20031B617 /* Frameworks */,
				4F71B01B2A2B79F20031B617 /* Resources */,
			);
			buildRules = (
			);
			dependencies = (
			);
			name = "API-Project";
			productName = "API-Project";
			productReference = 4F71B01D2A2B79F20031B617 /* API-Project.app */;
			productType = "com.apple.product-type.application";
		};
/* End PBXNativeTarget section */

/* Begin PBXProject section */
		4F71B0152A2B79F20031B617 /* Project object */ = {
			isa = PBXProject;
			attributes = {
				BuildIndependentTargetsInParallel = 1;
				LastSwiftUpdateCheck = 1430;
				LastUpgradeCheck = 1430;
				TargetAttributes = {
					4F71B01C2A2B79F20031B617 = {
						CreatedOnToolsVersion = 14.3;
					};
				};
			};
			buildConfigurationList = 4F71B0182A2B79F20031B617 /* Build configuration list for PBXProject "API-Project" */;
			compatibilityVersion = "Xcode 14.0";
			developmentRegion = en;
			hasScannedForEncodings = 0;
			knownRegions = (
				en,
				Base,
			);
			mainGroup = 4F71B0142A2B79F20031B617;
			productRefGroup = 4F71B01E2A2B79F20031B617 /* Products */;
			projectDirPath = "";
			projectRoot = "";
			targets = (
				4F71B01C2A2B79F20031B617 /* API-Project */,
			);
		};
/* End PBXProject section */

/* Begin PBXResourcesBuildPhase section */
		4F71B01B2A2B79F20031B617 /* Resources */ = {
			isa = PBXResourcesBuildPhase;
			buildActionMask = 2147483647;
			files = (
				4F71B0282A2B79F40031B617 /* Preview Assets.xcassets in Resources */,
				4F71B0252A2B79F40031B617 /* Assets.xcassets in Resources */,
			);
			runOnlyForDeploymentPostprocessing = 0;
		};
/* End PBXResourcesBuildPhase section */

/* Begin PBXSourcesBuildPhase section */
		4F71B0192A2B79F20031B617 /* Sources */ = {
			isa = PBXSourcesBuildPhase;
			buildActionMask = 2147483647;
			files = (
				4F71B0342A2B7BA10031B617 /* ProductCellView.swift in Sources */,
				4F71B0382A2B7CA20031B617 /* AddProductScreen.swift in Sources */,
				4F71B03E2A2B7D530031B617 /* Product.swift in Sources */,
				4F71B0402A2B7D6F0031B617 /* CreateProductRequest.swift in Sources */,
				4F71B0442A2B7DD90031B617 /* StoreHTTPClient.swift in Sources */,
				4F71B04A2A2B80DB0031B617 /* Locale.swift in Sources */,
				4F71B0462A2B7E3C0031B617 /* ProductViewModel.swift in Sources */,
				4F71B0362A2B7C360031B617 /* ProductListScreen.swift in Sources */,
				4F71B03A2A2B7CD10031B617 /* ProductDetailScreen.swift in Sources */,
				4F71B0322A2B7B590031B617 /* CategoryListScreen.swift in Sources */,
				4F71B0482A2B80580031B617 /* Url.swift in Sources */,
				4F71B0212A2B79F20031B617 /* API_ProjectApp.swift in Sources */,
				4F71B0422A2B7DB90031B617 /* StoreViewModel.swift in Sources */,
				4F71B03C2A2B7D390031B617 /* Category.swift in Sources */,
			);
			runOnlyForDeploymentPostprocessing = 0;
		};
/* End PBXSourcesBuildPhase section */

/* Begin XCBuildConfiguration section */
		4F71B0292A2B79F40031B617 /* Debug */ = {
			isa = XCBuildConfiguration;
			buildSettings = {
				ALWAYS_SEARCH_USER_PATHS = NO;
				CLANG_ANALYZER_NONNULL = YES;
				CLANG_ANALYZER_NUMBER_OBJECT_CONVERSION = YES_AGGRESSIVE;
				CLANG_CXX_LANGUAGE_STANDARD = "gnu++20";
				CLANG_ENABLE_MODULES = YES;
				CLANG_ENABLE_OBJC_ARC = YES;
				CLANG_ENABLE_OBJC_WEAK = YES;
				CLANG_WARN_BLOCK_CAPTURE_AUTORELEASING = YES;
				CLANG_WARN_BOOL_CONVERSION = YES;
				CLANG_WARN_COMMA = YES;
				CLANG_WARN_CONSTANT_CONVERSION = YES;
				CLANG_WARN_DEPRECATED_OBJC_IMPLEMENTATIONS = YES;
				CLANG_WARN_DIRECT_OBJC_ISA_USAGE = YES_ERROR;
				CLANG_WARN_DOCUMENTATION_COMMENTS = YES;
				CLANG_WARN_EMPTY_BODY = YES;
				CLANG_WARN_ENUM_CONVERSION = YES;
				CLANG_WARN_INFINITE_RECURSION = YES;
				CLANG_WARN_INT_CONVERSION = YES;
				CLANG_WARN_NON_LITERAL_NULL_CONVERSION = YES;
				CLANG_WARN_OBJC_IMPLICIT_RETAIN_SELF = YES;
				CLANG_WARN_OBJC_LITERAL_CONVERSION = YES;
				CLANG_WARN_OBJC_ROOT_CLASS = YES_ERROR;
				CLANG_WARN_QUOTED_INCLUDE_IN_FRAMEWORK_HEADER = YES;
				CLANG_WARN_RANGE_LOOP_ANALYSIS = YES;
				CLANG_WARN_STRICT_PROTOTYPES = YES;
				CLANG_WARN_SUSPICIOUS_MOVE = YES;
				CLANG_WARN_UNGUARDED_AVAILABILITY = YES_AGGRESSIVE;
				CLANG_WARN_UNREACHABLE_CODE = YES;
				CLANG_WARN__DUPLICATE_METHOD_MATCH = YES;
				COPY_PHASE_STRIP = NO;
				DEBUG_INFORMATION_FORMAT = dwarf;
				ENABLE_STRICT_OBJC_MSGSEND = YES;
				ENABLE_TESTABILITY = YES;
				GCC_C_LANGUAGE_STANDARD = gnu11;
				GCC_DYNAMIC_NO_PIC = NO;
				GCC_NO_COMMON_BLOCKS = YES;
				GCC_OPTIMIZATION_LEVEL = 0;
				GCC_PREPROCESSOR_DEFINITIONS = (
					"DEBUG=1",
					"$(inherited)",
				);
				GCC_WARN_64_TO_32_BIT_CONVERSION = YES;
				GCC_WARN_ABOUT_RETURN_TYPE = YES_ERROR;
				GCC_WARN_UNDECLARED_SELECTOR = YES;
				GCC_WARN_UNINITIALIZED_AUTOS = YES_AGGRESSIVE;
				GCC_WARN_UNUSED_FUNCTION = YES;
				GCC_WARN_UNUSED_VARIABLE = YES;
				IPHONEOS_DEPLOYMENT_TARGET = 16.4;
				MTL_ENABLE_DEBUG_INFO = INCLUDE_SOURCE;
				MTL_FAST_MATH = YES;
				ONLY_ACTIVE_ARCH = YES;
				SDKROOT = iphoneos;
				SWIFT_ACTIVE_COMPILATION_CONDITIONS = DEBUG;
				SWIFT_OPTIMIZATION_LEVEL = "-Onone";
			};
			name = Debug;
		};
		4F71B02A2A2B79F40031B617 /* Release */ = {
			isa = XCBuildConfiguration;
			buildSettings = {
				ALWAYS_SEARCH_USER_PATHS = NO;
				CLANG_ANALYZER_NONNULL = YES;
				CLANG_ANALYZER_NUMBER_OBJECT_CONVERSION = YES_AGGRESSIVE;
				CLANG_CXX_LANGUAGE_STANDARD = "gnu++20";
				CLANG_ENABLE_MODULES = YES;
				CLANG_ENABLE_OBJC_ARC = YES;
				CLANG_ENABLE_OBJC_WEAK = YES;
				CLANG_WARN_BLOCK_CAPTURE_AUTORELEASING = YES;
				CLANG_WARN_BOOL_CONVERSION = YES;
				CLANG_WARN_COMMA = YES;
				CLANG_WARN_CONSTANT_CONVERSION = YES;
				CLANG_WARN_DEPRECATED_OBJC_IMPLEMENTATIONS = YES;
				CLANG_WARN_DIRECT_OBJC_ISA_USAGE = YES_ERROR;
				CLANG_WARN_DOCUMENTATION_COMMENTS = YES;
				CLANG_WARN_EMPTY_BODY = YES;
				CLANG_WARN_ENUM_CONVERSION = YES;
				CLANG_WARN_INFINITE_RECURSION = YES;
				CLANG_WARN_INT_CONVERSION = YES;
				CLANG_WARN_NON_LITERAL_NULL_CONVERSION = YES;
				CLANG_WARN_OBJC_IMPLICIT_RETAIN_SELF = YES;
				CLANG_WARN_OBJC_LITERAL_CONVERSION = YES;
				CLANG_WARN_OBJC_ROOT_CLASS = YES_ERROR;
				CLANG_WARN_QUOTED_INCLUDE_IN_FRAMEWORK_HEADER = YES;
				CLANG_WARN_RANGE_LOOP_ANALYSIS = YES;
				CLANG_WARN_STRICT_PROTOTYPES = YES;
				CLANG_WARN_SUSPICIOUS_MOVE = YES;
				CLANG_WARN_UNGUARDED_AVAILABILITY = YES_AGGRESSIVE;
				CLANG_WARN_UNREACHABLE_CODE = YES;
				CLANG_WARN__DUPLICATE_METHOD_MATCH = YES;
				COPY_PHASE_STRIP = NO;
				DEBUG_INFORMATION_FORMAT = "dwarf-with-dsym";
				ENABLE_NS_ASSERTIONS = NO;
				ENABLE_STRICT_OBJC_MSGSEND = YES;
				GCC_C_LANGUAGE_STANDARD = gnu11;
				GCC_NO_COMMON_BLOCKS = YES;
				GCC_WARN_64_TO_32_BIT_CONVERSION = YES;
				GCC_WARN_ABOUT_RETURN_TYPE = YES_ERROR;
				GCC_WARN_UNDECLARED_SELECTOR = YES;
				GCC_WARN_UNINITIALIZED_AUTOS = YES_AGGRESSIVE;
				GCC_WARN_UNUSED_FUNCTION = YES;
				GCC_WARN_UNUSED_VARIABLE = YES;
				IPHONEOS_DEPLOYMENT_TARGET = 16.4;
				MTL_ENABLE_DEBUG_INFO = NO;
				MTL_FAST_MATH = YES;
				SDKROOT = iphoneos;
				SWIFT_COMPILATION_MODE = wholemodule;
				SWIFT_OPTIMIZATION_LEVEL = "-O";
				VALIDATE_PRODUCT = YES;
			};
			name = Release;
		};
		4F71B02C2A2B79F40031B617 /* Debug */ = {
			isa = XCBuildConfiguration;
			buildSettings = {
				ASSETCATALOG_COMPILER_APPICON_NAME = AppIcon;
				ASSETCATALOG_COMPILER_GLOBAL_ACCENT_COLOR_NAME = AccentColor;
				CODE_SIGN_STYLE = Automatic;
				CURRENT_PROJECT_VERSION = 1;
				DEVELOPMENT_ASSET_PATHS = "\"API-Project/Preview Content\"";
				ENABLE_PREVIEWS = YES;
				GENERATE_INFOPLIST_FILE = YES;
				INFOPLIST_KEY_UIApplicationSceneManifest_Generation = YES;
				INFOPLIST_KEY_UIApplicationSupportsIndirectInputEvents = YES;
				INFOPLIST_KEY_UILaunchScreen_Generation = YES;
				INFOPLIST_KEY_UISupportedInterfaceOrientations_iPad = "UIInterfaceOrientationPortrait UIInterfaceOrientationPortraitUpsideDown UIInterfaceOrientationLandscapeLeft UIInterfaceOrientationLandscapeRight";
				INFOPLIST_KEY_UISupportedInterfaceOrientations_iPhone = "UIInterfaceOrientationPortrait UIInterfaceOrientationLandscapeLeft UIInterfaceOrientationLandscapeRight";
				LD_RUNPATH_SEARCH_PATHS = (
					"$(inherited)",
					"@executable_path/Frameworks",
				);
				MARKETING_VERSION = 1.0;
				PRODUCT_BUNDLE_IDENTIFIER = "com.myorgainzation.API-Project";
				PRODUCT_NAME = "$(TARGET_NAME)";
				SWIFT_EMIT_LOC_STRINGS = YES;
				SWIFT_VERSION = 5.0;
				TARGETED_DEVICE_FAMILY = "1,2";
			};
			name = Debug;
		};
		4F71B02D2A2B79F40031B617 /* Release */ = {
			isa = XCBuildConfiguration;
			buildSettings = {
				ASSETCATALOG_COMPILER_APPICON_NAME = AppIcon;
				ASSETCATALOG_COMPILER_GLOBAL_ACCENT_COLOR_NAME = AccentColor;
				CODE_SIGN_STYLE = Automatic;
				CURRENT_PROJECT_VERSION = 1;
				DEVELOPMENT_ASSET_PATHS = "\"API-Project/Preview Content\"";
				ENABLE_PREVIEWS = YES;
				GENERATE_INFOPLIST_FILE = YES;
				INFOPLIST_KEY_UIApplicationSceneManifest_Generation = YES;
				INFOPLIST_KEY_UIApplicationSupportsIndirectInputEvents = YES;
				INFOPLIST_KEY_UILaunchScreen_Generation = YES;
				INFOPLIST_KEY_UISupportedInterfaceOrientations_iPad = "UIInterfaceOrientationPortrait UIInterfaceOrientationPortraitUpsideDown UIInterfaceOrientationLandscapeLeft UIInterfaceOrientationLandscapeRight";
				INFOPLIST_KEY_UISupportedInterfaceOrientations_iPhone = "UIInterfaceOrientationPortrait UIInterfaceOrientationLandscapeLeft UIInterfaceOrientationLandscapeRight";
				LD_RUNPATH_SEARCH_PATHS = (
					"$(inherited)",
					"@executable_path/Frameworks",
				);
				MARKETING_VERSION = 1.0;
				PRODUCT_BUNDLE_IDENTIFIER = "com.myorgainzation.API-Project";
				PRODUCT_NAME = "$(TARGET_NAME)";
				SWIFT_EMIT_LOC_STRINGS = YES;
				SWIFT_VERSION = 5.0;
				TARGETED_DEVICE_FAMILY = "1,2";
			};
			name = Release;
		};
/* End XCBuildConfiguration section */

/* Begin XCConfigurationList section */
		4F71B0182A2B79F20031B617 /* Build configuration list for PBXProject "API-Project" */ = {
			isa = XCConfigurationList;
			buildConfigurations = (
				4F71B0292A2B79F40031B617 /* Debug */,
				4F71B02A2A2B79F40031B617 /* Release */,
			);
			defaultConfigurationIsVisible = 0;
			defaultConfigurationName = Release;
		};
		4F71B02B2A2B79F40031B617 /* Build configuration list for PBXNativeTarget "API-Project" */ = {
			isa = XCConfigurationList;
			buildConfigurations = (
				4F71B02C2A2B79F40031B617 /* Debug */,
				4F71B02D2A2B79F40031B617 /* Release */,
			);
			defaultConfigurationIsVisible = 0;
			defaultConfigurationName = Release;
		};
/* End XCConfigurationList section */
	};
	rootObject = 4F71B0152A2B79F20031B617 /* Project object */;
}
