// !$*UTF8*$!
{
	archiveVersion = 1;
	classes = {
	};
	objectVersion = 56;
	objects = {

/* Begin PBXBuildFile section */
		4F22F67D2A2A477800D51EAD /* ImGeniusApp.swift in Sources */ = {isa = PBXBuildFile; fileRef = 4F22F67C2A2A477800D51EAD /* ImGeniusApp.swift */; };
		4F22F67F2A2A477800D51EAD /* ContentView.swift in Sources */ = {isa = PBXBuildFile; fileRef = 4F22F67E2A2A477800D51EAD /* ContentView.swift */; };
		4F22F6812A2A477A00D51EAD /* Assets.xcassets in Resources */ = {isa = PBXBuildFile; fileRef = 4F22F6802A2A477A00D51EAD /* Assets.xcassets */; };
		4F22F6842A2A477A00D51EAD /* Preview Assets.xcassets in Resources */ = {isa = PBXBuildFile; fileRef = 4F22F6832A2A477A00D51EAD /* Preview Assets.xcassets */; };
		4F22F68E2A2A817400D51EAD /* ChooseYourTheme.swift in Sources */ = {isa = PBXBuildFile; fileRef = 4F22F68D2A2A817400D51EAD /* ChooseYourTheme.swift */; };
		4F22F6902A2A848A00D51EAD /* ChooseYourThemeModel.swift in Sources */ = {isa = PBXBuildFile; fileRef = 4F22F68F2A2A848A00D51EAD /* ChooseYourThemeModel.swift */; };
		4F22F69A2A2B219200D51EAD /* MoviesAndTvSeriesModel.swift in Sources */ = {isa = PBXBuildFile; fileRef = 4F22F6992A2B219200D51EAD /* MoviesAndTvSeriesModel.swift */; };
		4F22F69C2A2B21AE00D51EAD /* MoviesAndTvSeriesViewModel.swift in Sources */ = {isa = PBXBuildFile; fileRef = 4F22F69B2A2B21AD00D51EAD /* MoviesAndTvSeriesViewModel.swift */; };
		4F22F69E2A2B233100D51EAD /* QuizView.swift in Sources */ = {isa = PBXBuildFile; fileRef = 4F22F69D2A2B233100D51EAD /* QuizView.swift */; };
		4F22F6A02A2B24B900D51EAD /* FinalView.swift in Sources */ = {isa = PBXBuildFile; fileRef = 4F22F69F2A2B24B900D51EAD /* FinalView.swift */; };
/* End PBXBuildFile section */

/* Begin PBXFileReference section */
		4F22F6792A2A477800D51EAD /* ImGenius.app */ = {isa = PBXFileReference; explicitFileType = wrapper.application; includeInIndex = 0; path = ImGenius.app; sourceTree = BUILT_PRODUCTS_DIR; };
		4F22F67C2A2A477800D51EAD /* ImGeniusApp.swift */ = {isa = PBXFileReference; lastKnownFileType = sourcecode.swift; path = ImGeniusApp.swift; sourceTree = "<group>"; };
		4F22F67E2A2A477800D51EAD /* ContentView.swift */ = {isa = PBXFileReference; lastKnownFileType = sourcecode.swift; path = ContentView.swift; sourceTree = "<group>"; };
		4F22F6802A2A477A00D51EAD /* Assets.xcassets */ = {isa = PBXFileReference; lastKnownFileType = folder.assetcatalog; path = Assets.xcassets; sourceTree = "<group>"; };
		4F22F6832A2A477A00D51EAD /* Preview Assets.xcassets */ = {isa = PBXFileReference; lastKnownFileType = folder.assetcatalog; path = "Preview Assets.xcassets"; sourceTree = "<group>"; };
		4F22F68D2A2A817400D51EAD /* ChooseYourTheme.swift */ = {isa = PBXFileReference; lastKnownFileType = sourcecode.swift; path = ChooseYourTheme.swift; sourceTree = "<group>"; };
		4F22F68F2A2A848A00D51EAD /* ChooseYourThemeModel.swift */ = {isa = PBXFileReference; lastKnownFileType = sourcecode.swift; path = ChooseYourThemeModel.swift; sourceTree = "<group>"; };
		4F22F6992A2B219200D51EAD /* MoviesAndTvSeriesModel.swift */ = {isa = PBXFileReference; lastKnownFileType = sourcecode.swift; path = MoviesAndTvSeriesModel.swift; sourceTree = "<group>"; };
		4F22F69B2A2B21AD00D51EAD /* MoviesAndTvSeriesViewModel.swift */ = {isa = PBXFileReference; lastKnownFileType = sourcecode.swift; path = MoviesAndTvSeriesViewModel.swift; sourceTree = "<group>"; };
		4F22F69D2A2B233100D51EAD /* QuizView.swift */ = {isa = PBXFileReference; lastKnownFileType = sourcecode.swift; path = QuizView.swift; sourceTree = "<group>"; };
		4F22F69F2A2B24B900D51EAD /* FinalView.swift */ = {isa = PBXFileReference; lastKnownFileType = sourcecode.swift; path = FinalView.swift; sourceTree = "<group>"; };
/* End PBXFileReference section */

/* Begin PBXFrameworksBuildPhase section */
		4F22F6762A2A477800D51EAD /* Frameworks */ = {
			isa = PBXFrameworksBuildPhase;
			buildActionMask = 2147483647;
			files = (
			);
			runOnlyForDeploymentPostprocessing = 0;
		};
/* End PBXFrameworksBuildPhase section */

/* Begin PBXGroup section */
		4F22F6702A2A477800D51EAD = {
			isa = PBXGroup;
			children = (
				4F22F67B2A2A477800D51EAD /* ImGenius */,
				4F22F67A2A2A477800D51EAD /* Products */,
			);
			sourceTree = "<group>";
		};
		4F22F67A2A2A477800D51EAD /* Products */ = {
			isa = PBXGroup;
			children = (
				4F22F6792A2A477800D51EAD /* ImGenius.app */,
			);
			name = Products;
			sourceTree = "<group>";
		};
		4F22F67B2A2A477800D51EAD /* ImGenius */ = {
			isa = PBXGroup;
			children = (
				4F22F68C2A2A556200D51EAD /* ViewModel */,
				4F22F68B2A2A555A00D51EAD /* Model */,
				4F22F68A2A2A555100D51EAD /* View */,
				4F22F67C2A2A477800D51EAD /* ImGeniusApp.swift */,
				4F22F6802A2A477A00D51EAD /* Assets.xcassets */,
				4F22F6822A2A477A00D51EAD /* Preview Content */,
			);
			path = ImGenius;
			sourceTree = "<group>";
		};
		4F22F6822A2A477A00D51EAD /* Preview Content */ = {
			isa = PBXGroup;
			children = (
				4F22F6832A2A477A00D51EAD /* Preview Assets.xcassets */,
			);
			path = "Preview Content";
			sourceTree = "<group>";
		};
		4F22F68A2A2A555100D51EAD /* View */ = {
			isa = PBXGroup;
			children = (
				4F22F67E2A2A477800D51EAD /* ContentView.swift */,
				4F22F68D2A2A817400D51EAD /* ChooseYourTheme.swift */,
				4F22F69D2A2B233100D51EAD /* QuizView.swift */,
				4F22F69F2A2B24B900D51EAD /* FinalView.swift */,
			);
			path = View;
			sourceTree = "<group>";
		};
		4F22F68B2A2A555A00D51EAD /* Model */ = {
			isa = PBXGroup;
			children = (
				4F22F68F2A2A848A00D51EAD /* ChooseYourThemeModel.swift */,
				4F22F6992A2B219200D51EAD /* MoviesAndTvSeriesModel.swift */,
			);
			path = Model;
			sourceTree = "<group>";
		};
		4F22F68C2A2A556200D51EAD /* ViewModel */ = {
			isa = PBXGroup;
			children = (
				4F22F69B2A2B21AD00D51EAD /* MoviesAndTvSeriesViewModel.swift */,
			);
			path = ViewModel;
			sourceTree = "<group>";
		};
/* End PBXGroup section */

/* Begin PBXNativeTarget section */
		4F22F6782A2A477800D51EAD /* ImGenius */ = {
			isa = PBXNativeTarget;
			buildConfigurationList = 4F22F6872A2A477A00D51EAD /* Build configuration list for PBXNativeTarget "ImGenius" */;
			buildPhases = (
				4F22F6752A2A477800D51EAD /* Sources */,
				4F22F6762A2A477800D51EAD /* Frameworks */,
				4F22F6772A2A477800D51EAD /* Resources */,
			);
			buildRules = (
			);
			dependencies = (
			);
			name = ImGenius;
			productName = ImGenius;
			productReference = 4F22F6792A2A477800D51EAD /* ImGenius.app */;
			productType = "com.apple.product-type.application";
		};
/* End PBXNativeTarget section */

/* Begin PBXProject section */
		4F22F6712A2A477800D51EAD /* Project object */ = {
			isa = PBXProject;
			attributes = {
				BuildIndependentTargetsInParallel = 1;
				LastSwiftUpdateCheck = 1430;
				LastUpgradeCheck = 1430;
				TargetAttributes = {
					4F22F6782A2A477800D51EAD = {
						CreatedOnToolsVersion = 14.3;
					};
				};
			};
			buildConfigurationList = 4F22F6742A2A477800D51EAD /* Build configuration list for PBXProject "ImGenius" */;
			compatibilityVersion = "Xcode 14.0";
			developmentRegion = en;
			hasScannedForEncodings = 0;
			knownRegions = (
				en,
				Base,
			);
			mainGroup = 4F22F6702A2A477800D51EAD;
			productRefGroup = 4F22F67A2A2A477800D51EAD /* Products */;
			projectDirPath = "";
			projectRoot = "";
			targets = (
				4F22F6782A2A477800D51EAD /* ImGenius */,
			);
		};
/* End PBXProject section */

/* Begin PBXResourcesBuildPhase section */
		4F22F6772A2A477800D51EAD /* Resources */ = {
			isa = PBXResourcesBuildPhase;
			buildActionMask = 2147483647;
			files = (
				4F22F6842A2A477A00D51EAD /* Preview Assets.xcassets in Resources */,
				4F22F6812A2A477A00D51EAD /* Assets.xcassets in Resources */,
			);
			runOnlyForDeploymentPostprocessing = 0;
		};
/* End PBXResourcesBuildPhase section */

/* Begin PBXSourcesBuildPhase section */
		4F22F6752A2A477800D51EAD /* Sources */ = {
			isa = PBXSourcesBuildPhase;
			buildActionMask = 2147483647;
			files = (
				4F22F67F2A2A477800D51EAD /* ContentView.swift in Sources */,
				4F22F6A02A2B24B900D51EAD /* FinalView.swift in Sources */,
				4F22F6902A2A848A00D51EAD /* ChooseYourThemeModel.swift in Sources */,
				4F22F69E2A2B233100D51EAD /* QuizView.swift in Sources */,
				4F22F69A2A2B219200D51EAD /* MoviesAndTvSeriesModel.swift in Sources */,
				4F22F69C2A2B21AE00D51EAD /* MoviesAndTvSeriesViewModel.swift in Sources */,
				4F22F67D2A2A477800D51EAD /* ImGeniusApp.swift in Sources */,
				4F22F68E2A2A817400D51EAD /* ChooseYourTheme.swift in Sources */,
			);
			runOnlyForDeploymentPostprocessing = 0;
		};
/* End PBXSourcesBuildPhase section */

/* Begin XCBuildConfiguration section */
		4F22F6852A2A477A00D51EAD /* Debug */ = {
			isa = XCBuildConfiguration;
			buildSettings = {
				ALWAYS_SEARCH_USER_PATHS = NO;
				CLANG_ANALYZER_NONNULL = YES;
				CLANG_ANALYZER_NUMBER_OBJECT_CONVERSION = YES_AGGRESSIVE;
				CLANG_CXX_LANGUAGE_STANDARD = "gnu++20";
				CLANG_ENABLE_MODULES = YES;
				CLANG_ENABLE_OBJC_ARC = YES;
				CLANG_ENABLE_OBJC_WEAK = YES;
				CLANG_WARN_BLOCK_CAPTURE_AUTORELEASING = YES;
				CLANG_WARN_BOOL_CONVERSION = YES;
				CLANG_WARN_COMMA = YES;
				CLANG_WARN_CONSTANT_CONVERSION = YES;
				CLANG_WARN_DEPRECATED_OBJC_IMPLEMENTATIONS = YES;
				CLANG_WARN_DIRECT_OBJC_ISA_USAGE = YES_ERROR;
				CLANG_WARN_DOCUMENTATION_COMMENTS = YES;
				CLANG_WARN_EMPTY_BODY = YES;
				CLANG_WARN_ENUM_CONVERSION = YES;
				CLANG_WARN_INFINITE_RECURSION = YES;
				CLANG_WARN_INT_CONVERSION = YES;
				CLANG_WARN_NON_LITERAL_NULL_CONVERSION = YES;
				CLANG_WARN_OBJC_IMPLICIT_RETAIN_SELF = YES;
				CLANG_WARN_OBJC_LITERAL_CONVERSION = YES;
				CLANG_WARN_OBJC_ROOT_CLASS = YES_ERROR;
				CLANG_WARN_QUOTED_INCLUDE_IN_FRAMEWORK_HEADER = YES;
				CLANG_WARN_RANGE_LOOP_ANALYSIS = YES;
				CLANG_WARN_STRICT_PROTOTYPES = YES;
				CLANG_WARN_SUSPICIOUS_MOVE = YES;
				CLANG_WARN_UNGUARDED_AVAILABILITY = YES_AGGRESSIVE;
				CLANG_WARN_UNREACHABLE_CODE = YES;
				CLANG_WARN__DUPLICATE_METHOD_MATCH = YES;
				COPY_PHASE_STRIP = NO;
				DEBUG_INFORMATION_FORMAT = dwarf;
				ENABLE_STRICT_OBJC_MSGSEND = YES;
				ENABLE_TESTABILITY = YES;
				GCC_C_LANGUAGE_STANDARD = gnu11;
				GCC_DYNAMIC_NO_PIC = NO;
				GCC_NO_COMMON_BLOCKS = YES;
				GCC_OPTIMIZATION_LEVEL = 0;
				GCC_PREPROCESSOR_DEFINITIONS = (
					"DEBUG=1",
					"$(inherited)",
				);
				GCC_WARN_64_TO_32_BIT_CONVERSION = YES;
				GCC_WARN_ABOUT_RETURN_TYPE = YES_ERROR;
				GCC_WARN_UNDECLARED_SELECTOR = YES;
				GCC_WARN_UNINITIALIZED_AUTOS = YES_AGGRESSIVE;
				GCC_WARN_UNUSED_FUNCTION = YES;
				GCC_WARN_UNUSED_VARIABLE = YES;
				IPHONEOS_DEPLOYMENT_TARGET = 16.4;
				MTL_ENABLE_DEBUG_INFO = INCLUDE_SOURCE;
				MTL_FAST_MATH = YES;
				ONLY_ACTIVE_ARCH = YES;
				SDKROOT = iphoneos;
				SWIFT_ACTIVE_COMPILATION_CONDITIONS = DEBUG;
				SWIFT_OPTIMIZATION_LEVEL = "-Onone";
			};
			name = Debug;
		};
		4F22F6862A2A477A00D51EAD /* Release */ = {
			isa = XCBuildConfiguration;
			buildSettings = {
				ALWAYS_SEARCH_USER_PATHS = NO;
				CLANG_ANALYZER_NONNULL = YES;
				CLANG_ANALYZER_NUMBER_OBJECT_CONVERSION = YES_AGGRESSIVE;
				CLANG_CXX_LANGUAGE_STANDARD = "gnu++20";
				CLANG_ENABLE_MODULES = YES;
				CLANG_ENABLE_OBJC_ARC = YES;
				CLANG_ENABLE_OBJC_WEAK = YES;
				CLANG_WARN_BLOCK_CAPTURE_AUTORELEASING = YES;
				CLANG_WARN_BOOL_CONVERSION = YES;
				CLANG_WARN_COMMA = YES;
				CLANG_WARN_CONSTANT_CONVERSION = YES;
				CLANG_WARN_DEPRECATED_OBJC_IMPLEMENTATIONS = YES;
				CLANG_WARN_DIRECT_OBJC_ISA_USAGE = YES_ERROR;
				CLANG_WARN_DOCUMENTATION_COMMENTS = YES;
				CLANG_WARN_EMPTY_BODY = YES;
				CLANG_WARN_ENUM_CONVERSION = YES;
				CLANG_WARN_INFINITE_RECURSION = YES;
				CLANG_WARN_INT_CONVERSION = YES;
				CLANG_WARN_NON_LITERAL_NULL_CONVERSION = YES;
				CLANG_WARN_OBJC_IMPLICIT_RETAIN_SELF = YES;
				CLANG_WARN_OBJC_LITERAL_CONVERSION = YES;
				CLANG_WARN_OBJC_ROOT_CLASS = YES_ERROR;
				CLANG_WARN_QUOTED_INCLUDE_IN_FRAMEWORK_HEADER = YES;
				CLANG_WARN_RANGE_LOOP_ANALYSIS = YES;
				CLANG_WARN_STRICT_PROTOTYPES = YES;
				CLANG_WARN_SUSPICIOUS_MOVE = YES;
				CLANG_WARN_UNGUARDED_AVAILABILITY = YES_AGGRESSIVE;
				CLANG_WARN_UNREACHABLE_CODE = YES;
				CLANG_WARN__DUPLICATE_METHOD_MATCH = YES;
				COPY_PHASE_STRIP = NO;
				DEBUG_INFORMATION_FORMAT = "dwarf-with-dsym";
				ENABLE_NS_ASSERTIONS = NO;
				ENABLE_STRICT_OBJC_MSGSEND = YES;
				GCC_C_LANGUAGE_STANDARD = gnu11;
				GCC_NO_COMMON_BLOCKS = YES;
				GCC_WARN_64_TO_32_BIT_CONVERSION = YES;
				GCC_WARN_ABOUT_RETURN_TYPE = YES_ERROR;
				GCC_WARN_UNDECLARED_SELECTOR = YES;
				GCC_WARN_UNINITIALIZED_AUTOS = YES_AGGRESSIVE;
				GCC_WARN_UNUSED_FUNCTION = YES;
				GCC_WARN_UNUSED_VARIABLE = YES;
				IPHONEOS_DEPLOYMENT_TARGET = 16.4;
				MTL_ENABLE_DEBUG_INFO = NO;
				MTL_FAST_MATH = YES;
				SDKROOT = iphoneos;
				SWIFT_COMPILATION_MODE = wholemodule;
				SWIFT_OPTIMIZATION_LEVEL = "-O";
				VALIDATE_PRODUCT = YES;
			};
			name = Release;
		};
		4F22F6882A2A477A00D51EAD /* Debug */ = {
			isa = XCBuildConfiguration;
			buildSettings = {
				ASSETCATALOG_COMPILER_APPICON_NAME = AppIcon;
				ASSETCATALOG_COMPILER_GLOBAL_ACCENT_COLOR_NAME = AccentColor;
				CODE_SIGN_STYLE = Automatic;
				CURRENT_PROJECT_VERSION = 1;
				DEVELOPMENT_ASSET_PATHS = "\"ImGenius/Preview Content\"";
				ENABLE_PREVIEWS = YES;
				GENERATE_INFOPLIST_FILE = YES;
				INFOPLIST_KEY_UIApplicationSceneManifest_Generation = YES;
				INFOPLIST_KEY_UIApplicationSupportsIndirectInputEvents = YES;
				INFOPLIST_KEY_UILaunchScreen_Generation = YES;
				INFOPLIST_KEY_UISupportedInterfaceOrientations_iPad = "UIInterfaceOrientationPortrait UIInterfaceOrientationPortraitUpsideDown UIInterfaceOrientationLandscapeLeft UIInterfaceOrientationLandscapeRight";
				INFOPLIST_KEY_UISupportedInterfaceOrientations_iPhone = "UIInterfaceOrientationPortrait UIInterfaceOrientationLandscapeLeft UIInterfaceOrientationLandscapeRight";
				LD_RUNPATH_SEARCH_PATHS = (
					"$(inherited)",
					"@executable_path/Frameworks",
				);
				MARKETING_VERSION = 1.0;
				PRODUCT_BUNDLE_IDENTIFIER = com.myorgainzation.ImGenius;
				PRODUCT_NAME = "$(TARGET_NAME)";
				SWIFT_EMIT_LOC_STRINGS = YES;
				SWIFT_VERSION = 5.0;
				TARGETED_DEVICE_FAMILY = "1,2";
			};
			name = Debug;
		};
		4F22F6892A2A477A00D51EAD /* Release */ = {
			isa = XCBuildConfiguration;
			buildSettings = {
				ASSETCATALOG_COMPILER_APPICON_NAME = AppIcon;
				ASSETCATALOG_COMPILER_GLOBAL_ACCENT_COLOR_NAME = AccentColor;
				CODE_SIGN_STYLE = Automatic;
				CURRENT_PROJECT_VERSION = 1;
				DEVELOPMENT_ASSET_PATHS = "\"ImGenius/Preview Content\"";
				ENABLE_PREVIEWS = YES;
				GENERATE_INFOPLIST_FILE = YES;
				INFOPLIST_KEY_UIApplicationSceneManifest_Generation = YES;
				INFOPLIST_KEY_UIApplicationSupportsIndirectInputEvents = YES;
				INFOPLIST_KEY_UILaunchScreen_Generation = YES;
				INFOPLIST_KEY_UISupportedInterfaceOrientations_iPad = "UIInterfaceOrientationPortrait UIInterfaceOrientationPortraitUpsideDown UIInterfaceOrientationLandscapeLeft UIInterfaceOrientationLandscapeRight";
				INFOPLIST_KEY_UISupportedInterfaceOrientations_iPhone = "UIInterfaceOrientationPortrait UIInterfaceOrientationLandscapeLeft UIInterfaceOrientationLandscapeRight";
				LD_RUNPATH_SEARCH_PATHS = (
					"$(inherited)",
					"@executable_path/Frameworks",
				);
				MARKETING_VERSION = 1.0;
				PRODUCT_BUNDLE_IDENTIFIER = com.myorgainzation.ImGenius;
				PRODUCT_NAME = "$(TARGET_NAME)";
				SWIFT_EMIT_LOC_STRINGS = YES;
				SWIFT_VERSION = 5.0;
				TARGETED_DEVICE_FAMILY = "1,2";
			};
			name = Release;
		};
/* End XCBuildConfiguration section */

/* Begin XCConfigurationList section */
		4F22F6742A2A477800D51EAD /* Build configuration list for PBXProject "ImGenius" */ = {
			isa = XCConfigurationList;
			buildConfigurations = (
				4F22F6852A2A477A00D51EAD /* Debug */,
				4F22F6862A2A477A00D51EAD /* Release */,
			);
			defaultConfigurationIsVisible = 0;
			defaultConfigurationName = Release;
		};
		4F22F6872A2A477A00D51EAD /* Build configuration list for PBXNativeTarget "ImGenius" */ = {
			isa = XCConfigurationList;
			buildConfigurations = (
				4F22F6882A2A477A00D51EAD /* Debug */,
				4F22F6892A2A477A00D51EAD /* Release */,
			);
			defaultConfigurationIsVisible = 0;
			defaultConfigurationName = Release;
		};
/* End XCConfigurationList section */
	};
	rootObject = 4F22F6712A2A477800D51EAD /* Project object */;
}
